
Microsoft Visual Studio Solution File, Format Version 12.00
# Visual Studio Version 16
VisualStudioVersion = 16.0.30517.126
MinimumVisualStudioVersion = 10.0.40219.1
Project("{FAE04EC0-301F-11D3-BF4B-00C04F79EFBC}") = "check-triangle", "check-triangle\check-triangle.csproj", "{2CB900F1-5D9F-48AA-8492-2344250E3E2B}"
EndProject
Global
	GlobalSection(SolutionConfigurationPlatforms) = preSolution
		Debug|Any CPU = Debug|Any CPU
		Release|Any CPU = Release|Any CPU
	EndGlobalSection
	GlobalSection(ProjectConfigurationPlatforms) = postSolution
		{2CB900F1-5D9F-48AA-8492-2344250E3E2B}.Debug|Any CPU.ActiveCfg = Debug|Any CPU
		{2CB900F1-5D9F-48AA-8492-2344250E3E2B}.Debug|Any CPU.Build.0 = Debug|Any CPU
		{2CB900F1-5D9F-48AA-8492-2344250E3E2B}.Release|Any CPU.ActiveCfg = Release|Any CPU
		{2CB900F1-5D9F-48AA-8492-2344250E3E2B}.Release|Any CPU.Build.0 = Release|Any CPU
	EndGlobalSection
	GlobalSection(SolutionProperties) = preSolution
		HideSolutionNode = FALSE
	EndGlobalSection
	GlobalSection(ExtensibilityGlobals) = postSolution
		SolutionGuid = {F67285FE-0664-4842-8B6C-1FC0771ED24F}
	EndGlobalSection
EndGlobal
